// !$*UTF8*$!
{
	archiveVersion = 1;
	classes = {
	};
	objectVersion = 50;
	objects = {

/* Begin PBXBuildFile section */
		67AC655D265E76A200655420 /* AppDelegate.swift in Sources */ = {isa = PBXBuildFile; fileRef = 67AC655C265E76A200655420 /* AppDelegate.swift */; };
		67AC655F265E76A200655420 /* SceneDelegate.swift in Sources */ = {isa = PBXBuildFile; fileRef = 67AC655E265E76A200655420 /* SceneDelegate.swift */; };
		67AC6561265E76A200655420 /* ContentView.swift in Sources */ = {isa = PBXBuildFile; fileRef = 67AC6560265E76A200655420 /* ContentView.swift */; };
		67AC6563265E76A300655420 /* Assets.xcassets in Resources */ = {isa = PBXBuildFile; fileRef = 67AC6562265E76A300655420 /* Assets.xcassets */; };
		67AC6566265E76A300655420 /* Preview Assets.xcassets in Resources */ = {isa = PBXBuildFile; fileRef = 67AC6565265E76A300655420 /* Preview Assets.xcassets */; };
		67AC6569265E76A300655420 /* LaunchScreen.storyboard in Resources */ = {isa = PBXBuildFile; fileRef = 67AC6567265E76A300655420 /* LaunchScreen.storyboard */; };
		67AC6574265E76FD00655420 /* ShoeViewModel.swift in Sources */ = {isa = PBXBuildFile; fileRef = 67AC6573265E76FD00655420 /* ShoeViewModel.swift */; };
		67AC6576265E770900655420 /* Home.swift in Sources */ = {isa = PBXBuildFile; fileRef = 67AC6575265E770900655420 /* Home.swift */; };
/* End PBXBuildFile section */

/* Begin PBXFileReference section */
		67AC6559265E76A200655420 /* UI-208.app */ = {isa = PBXFileReference; explicitFileType = wrapper.application; includeInIndex = 0; path = "UI-208.app"; sourceTree = BUILT_PRODUCTS_DIR; };
		67AC655C265E76A200655420 /* AppDelegate.swift */ = {isa = PBXFileReference; lastKnownFileType = sourcecode.swift; path = AppDelegate.swift; sourceTree = "<group>"; };
		67AC655E265E76A200655420 /* SceneDelegate.swift */ = {isa = PBXFileReference; lastKnownFileType = sourcecode.swift; path = SceneDelegate.swift; sourceTree = "<group>"; };
		67AC6560265E76A200655420 /* ContentView.swift */ = {isa = PBXFileReference; lastKnownFileType = sourcecode.swift; path = ContentView.swift; sourceTree = "<group>"; };
		67AC6562265E76A300655420 /* Assets.xcassets */ = {isa = PBXFileReference; lastKnownFileType = folder.assetcatalog; path = Assets.xcassets; sourceTree = "<group>"; };
		67AC6565265E76A300655420 /* Preview Assets.xcassets */ = {isa = PBXFileReference; lastKnownFileType = folder.assetcatalog; path = "Preview Assets.xcassets"; sourceTree = "<group>"; };
		67AC6568265E76A300655420 /* Base */ = {isa = PBXFileReference; lastKnownFileType = file.storyboard; name = Base; path = Base.lproj/LaunchScreen.storyboard; sourceTree = "<group>"; };
		67AC656A265E76A300655420 /* Info.plist */ = {isa = PBXFileReference; lastKnownFileType = text.plist.xml; path = Info.plist; sourceTree = "<group>"; };
		67AC6573265E76FD00655420 /* ShoeViewModel.swift */ = {isa = PBXFileReference; lastKnownFileType = sourcecode.swift; name = ShoeViewModel.swift; path = ../../../ShoeViewModel.swift; sourceTree = "<group>"; };
		67AC6575265E770900655420 /* Home.swift */ = {isa = PBXFileReference; lastKnownFileType = sourcecode.swift; name = Home.swift; path = ../../../Home.swift; sourceTree = "<group>"; };
/* End PBXFileReference section */

/* Begin PBXFrameworksBuildPhase section */
		67AC6556265E76A200655420 /* Frameworks */ = {
			isa = PBXFrameworksBuildPhase;
			buildActionMask = 2147483647;
			files = (
			);
			runOnlyForDeploymentPostprocessing = 0;
		};
/* End PBXFrameworksBuildPhase section */

/* Begin PBXGroup section */
		67AC6550265E76A200655420 = {
			isa = PBXGroup;
			children = (
				67AC655B265E76A200655420 /* UI-208 */,
				67AC655A265E76A200655420 /* Products */,
			);
			sourceTree = "<group>";
		};
		67AC655A265E76A200655420 /* Products */ = {
			isa = PBXGroup;
			children = (
				67AC6559265E76A200655420 /* UI-208.app */,
			);
			name = Products;
			sourceTree = "<group>";
		};
		67AC655B265E76A200655420 /* UI-208 */ = {
			isa = PBXGroup;
			children = (
				67AC6572265E76E600655420 /* ViewModel */,
				67AC6570265E76D800655420 /* View */,
				67AC655C265E76A200655420 /* AppDelegate.swift */,
				67AC655E265E76A200655420 /* SceneDelegate.swift */,
				67AC6560265E76A200655420 /* ContentView.swift */,
				67AC6562265E76A300655420 /* Assets.xcassets */,
				67AC6567265E76A300655420 /* LaunchScreen.storyboard */,
				67AC656A265E76A300655420 /* Info.plist */,
				67AC6564265E76A300655420 /* Preview Content */,
			);
			path = "UI-208";
			sourceTree = "<group>";
		};
		67AC6564265E76A300655420 /* Preview Content */ = {
			isa = PBXGroup;
			children = (
				67AC6565265E76A300655420 /* Preview Assets.xcassets */,
			);
			path = "Preview Content";
			sourceTree = "<group>";
		};
		67AC6570265E76D800655420 /* View */ = {
			isa = PBXGroup;
			children = (
				67AC6575265E770900655420 /* Home.swift */,
			);
			path = View;
			sourceTree = "<group>";
		};
		67AC6572265E76E600655420 /* ViewModel */ = {
			isa = PBXGroup;
			children = (
				67AC6573265E76FD00655420 /* ShoeViewModel.swift */,
			);
			path = ViewModel;
			sourceTree = "<group>";
		};
/* End PBXGroup section */

/* Begin PBXNativeTarget section */
		67AC6558265E76A200655420 /* UI-208 */ = {
			isa = PBXNativeTarget;
			buildConfigurationList = 67AC656D265E76A300655420 /* Build configuration list for PBXNativeTarget "UI-208" */;
			buildPhases = (
				67AC6555265E76A200655420 /* Sources */,
				67AC6556265E76A200655420 /* Frameworks */,
				67AC6557265E76A200655420 /* Resources */,
			);
			buildRules = (
			);
			dependencies = (
			);
			name = "UI-208";
			productName = "UI-208";
			productReference = 67AC6559265E76A200655420 /* UI-208.app */;
			productType = "com.apple.product-type.application";
		};
/* End PBXNativeTarget section */

/* Begin PBXProject section */
		67AC6551265E76A200655420 /* Project object */ = {
			isa = PBXProject;
			attributes = {
				LastSwiftUpdateCheck = 1250;
				LastUpgradeCheck = 1250;
				TargetAttributes = {
					67AC6558265E76A200655420 = {
						CreatedOnToolsVersion = 12.5;
					};
				};
			};
			buildConfigurationList = 67AC6554265E76A200655420 /* Build configuration list for PBXProject "UI-208" */;
			compatibilityVersion = "Xcode 9.3";
			developmentRegion = en;
			hasScannedForEncodings = 0;
			knownRegions = (
				en,
				Base,
			);
			mainGroup = 67AC6550265E76A200655420;
			productRefGroup = 67AC655A265E76A200655420 /* Products */;
			projectDirPath = "";
			projectRoot = "";
			targets = (
				67AC6558265E76A200655420 /* UI-208 */,
			);
		};
/* End PBXProject section */

/* Begin PBXResourcesBuildPhase section */
		67AC6557265E76A200655420 /* Resources */ = {
			isa = PBXResourcesBuildPhase;
			buildActionMask = 2147483647;
			files = (
				67AC6569265E76A300655420 /* LaunchScreen.storyboard in Resources */,
				67AC6566265E76A300655420 /* Preview Assets.xcassets in Resources */,
				67AC6563265E76A300655420 /* Assets.xcassets in Resources */,
			);
			runOnlyForDeploymentPostprocessing = 0;
		};
/* End PBXResourcesBuildPhase section */

/* Begin PBXSourcesBuildPhase section */
		67AC6555265E76A200655420 /* Sources */ = {
			isa = PBXSourcesBuildPhase;
			buildActionMask = 2147483647;
			files = (
				67AC655D265E76A200655420 /* AppDelegate.swift in Sources */,
				67AC6574265E76FD00655420 /* ShoeViewModel.swift in Sources */,
				67AC6576265E770900655420 /* Home.swift in Sources */,
				67AC655F265E76A200655420 /* SceneDelegate.swift in Sources */,
				67AC6561265E76A200655420 /* ContentView.swift in Sources */,
			);
			runOnlyForDeploymentPostprocessing = 0;
		};
/* End PBXSourcesBuildPhase section */

/* Begin PBXVariantGroup section */
		67AC6567265E76A300655420 /* LaunchScreen.storyboard */ = {
			isa = PBXVariantGroup;
			children = (
				67AC6568265E76A300655420 /* Base */,
			);
			name = LaunchScreen.storyboard;
			sourceTree = "<group>";
		};
/* End PBXVariantGroup section */

/* Begin XCBuildConfiguration section */
		67AC656B265E76A300655420 /* Debug */ = {
			isa = XCBuildConfiguration;
			buildSettings = {
				ALWAYS_SEARCH_USER_PATHS = NO;
				CLANG_ANALYZER_NONNULL = YES;
				CLANG_ANALYZER_NUMBER_OBJECT_CONVERSION = YES_AGGRESSIVE;
				CLANG_CXX_LANGUAGE_STANDARD = "gnu++14";
				CLANG_CXX_LIBRARY = "libc++";
				CLANG_ENABLE_MODULES = YES;
				CLANG_ENABLE_OBJC_ARC = YES;
				CLANG_ENABLE_OBJC_WEAK = YES;
				CLANG_WARN_BLOCK_CAPTURE_AUTORELEASING = YES;
				CLANG_WARN_BOOL_CONVERSION = YES;
				CLANG_WARN_COMMA = YES;
				CLANG_WARN_CONSTANT_CONVERSION = YES;
				CLANG_WARN_DEPRECATED_OBJC_IMPLEMENTATIONS = YES;
				CLANG_WARN_DIRECT_OBJC_ISA_USAGE = YES_ERROR;
				CLANG_WARN_DOCUMENTATION_COMMENTS = YES;
				CLANG_WARN_EMPTY_BODY = YES;
				CLANG_WARN_ENUM_CONVERSION = YES;
				CLANG_WARN_INFINITE_RECURSION = YES;
				CLANG_WARN_INT_CONVERSION = YES;
				CLANG_WARN_NON_LITERAL_NULL_CONVERSION = YES;
				CLANG_WARN_OBJC_IMPLICIT_RETAIN_SELF = YES;
				CLANG_WARN_OBJC_LITERAL_CONVERSION = YES;
				CLANG_WARN_OBJC_ROOT_CLASS = YES_ERROR;
				CLANG_WARN_QUOTED_INCLUDE_IN_FRAMEWORK_HEADER = YES;
				CLANG_WARN_RANGE_LOOP_ANALYSIS = YES;
				CLANG_WARN_STRICT_PROTOTYPES = YES;
				CLANG_WARN_SUSPICIOUS_MOVE = YES;
				CLANG_WARN_UNGUARDED_AVAILABILITY = YES_AGGRESSIVE;
				CLANG_WARN_UNREACHABLE_CODE = YES;
				CLANG_WARN__DUPLICATE_METHOD_MATCH = YES;
				COPY_PHASE_STRIP = NO;
				DEBUG_INFORMATION_FORMAT = dwarf;
				ENABLE_STRICT_OBJC_MSGSEND = YES;
				ENABLE_TESTABILITY = YES;
				GCC_C_LANGUAGE_STANDARD = gnu11;
				GCC_DYNAMIC_NO_PIC = NO;
				GCC_NO_COMMON_BLOCKS = YES;
				GCC_OPTIMIZATION_LEVEL = 0;
				GCC_PREPROCESSOR_DEFINITIONS = (
					"DEBUG=1",
					"$(inherited)",
				);
				GCC_WARN_64_TO_32_BIT_CONVERSION = YES;
				GCC_WARN_ABOUT_RETURN_TYPE = YES_ERROR;
				GCC_WARN_UNDECLARED_SELECTOR = YES;
				GCC_WARN_UNINITIALIZED_AUTOS = YES_AGGRESSIVE;
				GCC_WARN_UNUSED_FUNCTION = YES;
				GCC_WARN_UNUSED_VARIABLE = YES;
				IPHONEOS_DEPLOYMENT_TARGET = 14.5;
				MTL_ENABLE_DEBUG_INFO = INCLUDE_SOURCE;
				MTL_FAST_MATH = YES;
				ONLY_ACTIVE_ARCH = YES;
				SDKROOT = iphoneos;
				SWIFT_ACTIVE_COMPILATION_CONDITIONS = DEBUG;
				SWIFT_OPTIMIZATION_LEVEL = "-Onone";
			};
			name = Debug;
		};
		67AC656C265E76A300655420 /* Release */ = {
			isa = XCBuildConfiguration;
			buildSettings = {
				ALWAYS_SEARCH_USER_PATHS = NO;
				CLANG_ANALYZER_NONNULL = YES;
				CLANG_ANALYZER_NUMBER_OBJECT_CONVERSION = YES_AGGRESSIVE;
				CLANG_CXX_LANGUAGE_STANDARD = "gnu++14";
				CLANG_CXX_LIBRARY = "libc++";
				CLANG_ENABLE_MODULES = YES;
				CLANG_ENABLE_OBJC_ARC = YES;
				CLANG_ENABLE_OBJC_WEAK = YES;
				CLANG_WARN_BLOCK_CAPTURE_AUTORELEASING = YES;
				CLANG_WARN_BOOL_CONVERSION = YES;
				CLANG_WARN_COMMA = YES;
				CLANG_WARN_CONSTANT_CONVERSION = YES;
				CLANG_WARN_DEPRECATED_OBJC_IMPLEMENTATIONS = YES;
				CLANG_WARN_DIRECT_OBJC_ISA_USAGE = YES_ERROR;
				CLANG_WARN_DOCUMENTATION_COMMENTS = YES;
				CLANG_WARN_EMPTY_BODY = YES;
				CLANG_WARN_ENUM_CONVERSION = YES;
				CLANG_WARN_INFINITE_RECURSION = YES;
				CLANG_WARN_INT_CONVERSION = YES;
				CLANG_WARN_NON_LITERAL_NULL_CONVERSION = YES;
				CLANG_WARN_OBJC_IMPLICIT_RETAIN_SELF = YES;
				CLANG_WARN_OBJC_LITERAL_CONVERSION = YES;
				CLANG_WARN_OBJC_ROOT_CLASS = YES_ERROR;
				CLANG_WARN_QUOTED_INCLUDE_IN_FRAMEWORK_HEADER = YES;
				CLANG_WARN_RANGE_LOOP_ANALYSIS = YES;
				CLANG_WARN_STRICT_PROTOTYPES = YES;
				CLANG_WARN_SUSPICIOUS_MOVE = YES;
				CLANG_WARN_UNGUARDED_AVAILABILITY = YES_AGGRESSIVE;
				CLANG_WARN_UNREACHABLE_CODE = YES;
				CLANG_WARN__DUPLICATE_METHOD_MATCH = YES;
				COPY_PHASE_STRIP = NO;
				DEBUG_INFORMATION_FORMAT = "dwarf-with-dsym";
				ENABLE_NS_ASSERTIONS = NO;
				ENABLE_STRICT_OBJC_MSGSEND = YES;
				GCC_C_LANGUAGE_STANDARD = gnu11;
				GCC_NO_COMMON_BLOCKS = YES;
				GCC_WARN_64_TO_32_BIT_CONVERSION = YES;
				GCC_WARN_ABOUT_RETURN_TYPE = YES_ERROR;
				GCC_WARN_UNDECLARED_SELECTOR = YES;
				GCC_WARN_UNINITIALIZED_AUTOS = YES_AGGRESSIVE;
				GCC_WARN_UNUSED_FUNCTION = YES;
				GCC_WARN_UNUSED_VARIABLE = YES;
				IPHONEOS_DEPLOYMENT_TARGET = 14.5;
				MTL_ENABLE_DEBUG_INFO = NO;
				MTL_FAST_MATH = YES;
				SDKROOT = iphoneos;
				SWIFT_COMPILATION_MODE = wholemodule;
				SWIFT_OPTIMIZATION_LEVEL = "-O";
				VALIDATE_PRODUCT = YES;
			};
			name = Release;
		};
		67AC656E265E76A300655420 /* Debug */ = {
			isa = XCBuildConfiguration;
			buildSettings = {
				ASSETCATALOG_COMPILER_APPICON_NAME = AppIcon;
				ASSETCATALOG_COMPILER_GLOBAL_ACCENT_COLOR_NAME = AccentColor;
				CODE_SIGN_STYLE = Automatic;
				DEVELOPMENT_ASSET_PATHS = "\"UI-208/Preview Content\"";
				ENABLE_PREVIEWS = YES;
				INFOPLIST_FILE = "UI-208/Info.plist";
				LD_RUNPATH_SEARCH_PATHS = (
					"$(inherited)",
					"@executable_path/Frameworks",
				);
				PRODUCT_BUNDLE_IDENTIFIER = "com.uzu.UI-208";
				PRODUCT_NAME = "$(TARGET_NAME)";
				SWIFT_VERSION = 5.0;
				TARGETED_DEVICE_FAMILY = "1,2";
			};
			name = Debug;
		};
		67AC656F265E76A300655420 /* Release */ = {
			isa = XCBuildConfiguration;
			buildSettings = {
				ASSETCATALOG_COMPILER_APPICON_NAME = AppIcon;
				ASSETCATALOG_COMPILER_GLOBAL_ACCENT_COLOR_NAME = AccentColor;
				CODE_SIGN_STYLE = Automatic;
				DEVELOPMENT_ASSET_PATHS = "\"UI-208/Preview Content\"";
				ENABLE_PREVIEWS = YES;
				INFOPLIST_FILE = "UI-208/Info.plist";
				LD_RUNPATH_SEARCH_PATHS = (
					"$(inherited)",
					"@executable_path/Frameworks",
				);
				PRODUCT_BUNDLE_IDENTIFIER = "com.uzu.UI-208";
				PRODUCT_NAME = "$(TARGET_NAME)";
				SWIFT_VERSION = 5.0;
				TARGETED_DEVICE_FAMILY = "1,2";
			};
			name = Release;
		};
/* End XCBuildConfiguration section */

/* Begin XCConfigurationList section */
		67AC6554265E76A200655420 /* Build configuration list for PBXProject "UI-208" */ = {
			isa = XCConfigurationList;
			buildConfigurations = (
				67AC656B265E76A300655420 /* Debug */,
				67AC656C265E76A300655420 /* Release */,
			);
			defaultConfigurationIsVisible = 0;
			defaultConfigurationName = Release;
		};
		67AC656D265E76A300655420 /* Build configuration list for PBXNativeTarget "UI-208" */ = {
			isa = XCConfigurationList;
			buildConfigurations = (
				67AC656E265E76A300655420 /* Debug */,
				67AC656F265E76A300655420 /* Release */,
			);
			defaultConfigurationIsVisible = 0;
			defaultConfigurationName = Release;
		};
/* End XCConfigurationList section */
	};
	rootObject = 67AC6551265E76A200655420 /* Project object */;
}
